Microsoft Visual Studio Solution File, Format Version 12.00
# Visual Studio Version 16
VisualStudioVersion = 16.0.0.0
MinimumVisualStudioVersion = 16.0.0.0
Project("{9A19103F-16F7-4668-BE54-9A1E7A4F7556}") = "_Old.EtAlii.Adp", "_Old.EtAlii.Adp\_Old.EtAlii.Adp.csproj", "{DED31651-B2E9-4A0E-903E-EA982E54B539}"
EndProject
Project("{9A19103F-16F7-4668-BE54-9A1E7A4F7556}") = "_Old.EtAlii.Adp.Client", "_Old.EtAlii.Adp.Client\_Old.EtAlii.Adp.Client.csproj", "{6F294E9D-41BB-4E8A-B20F-A2A6D7998F6D}"
EndProject
Project("{2150E333-8FDC-42A3-9474-1A3956D46DE8}") = "_Global", "_Global", "{E8F76645-C847-4D4D-BDFE-45CF1FD52CD0}"
	ProjectSection(SolutionItems) = preProject
		.dockerignore = .dockerignore
		.gitignore = .gitignore
		Directory.Build.props = Directory.Build.props
		Directory.Build.targets = Directory.Build.targets
		Directory.Packages.props = Directory.Packages.props
		global.json = global.json
		LICENSE = LICENSE
		README.md = README.md
	EndProjectSection
EndProject
Project("{FAE04EC0-301F-11D3-BF4B-00C04F79EFBC}") = "EtAlii.Adp.Client", "EtAlii.Adp.Client\EtAlii.Adp.Client.csproj", "{73D3962E-D7EF-4779-B7F0-6C6E7A354DE1}"
EndProject
Project("{FAE04EC0-301F-11D3-BF4B-00C04F79EFBC}") = "EtAlii.Adp.Service", "EtAlii.Adp.Service\EtAlii.Adp.Service.csproj", "{C0F16110-536F-40ED-B7CF-C661A4567E3C}"
EndProject
Project("{2150E333-8FDC-42A3-9474-1A3956D46DE8}") = "Solution Items", "Solution Items", "{BC0E201E-1B0B-40A7-A4A1-932F20D38FE7}"
	ProjectSection(SolutionItems) = preProject
		docker-compose.yml = docker-compose.yml
	EndProjectSection
EndProject
Global
	GlobalSection(SolutionConfigurationPlatforms) = preSolution
		Debug|Any CPU = Debug|Any CPU
		Debug|x64 = Debug|x64
		Debug|x86 = Debug|x86
		Release|Any CPU = Release|Any CPU
		Release|x64 = Release|x64
		Release|x86 = Release|x86
	EndGlobalSection
	GlobalSection(ProjectConfigurationPlatforms) = postSolution
		{6F294E9D-41BB-4E8A-B20F-A2A6D7998F6D}.Debug|Any CPU.ActiveCfg = Debug|Any CPU
		{6F294E9D-41BB-4E8A-B20F-A2A6D7998F6D}.Debug|Any CPU.Build.0 = Debug|Any CPU
		{6F294E9D-41BB-4E8A-B20F-A2A6D7998F6D}.Debug|x64.ActiveCfg = Debug|Any CPU
		{6F294E9D-41BB-4E8A-B20F-A2A6D7998F6D}.Debug|x64.Build.0 = Debug|Any CPU
		{6F294E9D-41BB-4E8A-B20F-A2A6D7998F6D}.Debug|x86.ActiveCfg = Debug|Any CPU
		{6F294E9D-41BB-4E8A-B20F-A2A6D7998F6D}.Debug|x86.Build.0 = Debug|Any CPU
		{6F294E9D-41BB-4E8A-B20F-A2A6D7998F6D}.Release|Any CPU.ActiveCfg = Release|Any CPU
		{6F294E9D-41BB-4E8A-B20F-A2A6D7998F6D}.Release|Any CPU.Build.0 = Release|Any CPU
		{6F294E9D-41BB-4E8A-B20F-A2A6D7998F6D}.Release|x64.ActiveCfg = Release|Any CPU
		{6F294E9D-41BB-4E8A-B20F-A2A6D7998F6D}.Release|x64.Build.0 = Release|Any CPU
		{6F294E9D-41BB-4E8A-B20F-A2A6D7998F6D}.Release|x86.ActiveCfg = Release|Any CPU
		{6F294E9D-41BB-4E8A-B20F-A2A6D7998F6D}.Release|x86.Build.0 = Release|Any CPU
		{DED31651-B2E9-4A0E-903E-EA982E54B539}.Debug|Any CPU.ActiveCfg = Debug|Any CPU
		{DED31651-B2E9-4A0E-903E-EA982E54B539}.Debug|Any CPU.Build.0 = Debug|Any CPU
		{DED31651-B2E9-4A0E-903E-EA982E54B539}.Debug|x64.ActiveCfg = Debug|Any CPU
		{DED31651-B2E9-4A0E-903E-EA982E54B539}.Debug|x64.Build.0 = Debug|Any CPU
		{DED31651-B2E9-4A0E-903E-EA982E54B539}.Debug|x86.ActiveCfg = Debug|Any CPU
		{DED31651-B2E9-4A0E-903E-EA982E54B539}.Debug|x86.Build.0 = Debug|Any CPU
		{DED31651-B2E9-4A0E-903E-EA982E54B539}.Release|Any CPU.ActiveCfg = Release|Any CPU
		{DED31651-B2E9-4A0E-903E-EA982E54B539}.Release|Any CPU.Build.0 = Release|Any CPU
		{DED31651-B2E9-4A0E-903E-EA982E54B539}.Release|x64.ActiveCfg = Release|Any CPU
		{DED31651-B2E9-4A0E-903E-EA982E54B539}.Release|x64.Build.0 = Release|Any CPU
		{DED31651-B2E9-4A0E-903E-EA982E54B539}.Release|x86.ActiveCfg = Release|Any CPU
		{DED31651-B2E9-4A0E-903E-EA982E54B539}.Release|x86.Build.0 = Release|Any CPU
		{73D3962E-D7EF-4779-B7F0-6C6E7A354DE1}.Debug|Any CPU.ActiveCfg = Debug|Any CPU
		{73D3962E-D7EF-4779-B7F0-6C6E7A354DE1}.Debug|Any CPU.Build.0 = Debug|Any CPU
		{73D3962E-D7EF-4779-B7F0-6C6E7A354DE1}.Debug|x64.ActiveCfg = Debug|Any CPU
		{73D3962E-D7EF-4779-B7F0-6C6E7A354DE1}.Debug|x64.Build.0 = Debug|Any CPU
		{73D3962E-D7EF-4779-B7F0-6C6E7A354DE1}.Debug|x86.ActiveCfg = Debug|Any CPU
		{73D3962E-D7EF-4779-B7F0-6C6E7A354DE1}.Debug|x86.Build.0 = Debug|Any CPU
		{73D3962E-D7EF-4779-B7F0-6C6E7A354DE1}.Release|Any CPU.ActiveCfg = Release|Any CPU
		{73D3962E-D7EF-4779-B7F0-6C6E7A354DE1}.Release|Any CPU.Build.0 = Release|Any CPU
		{73D3962E-D7EF-4779-B7F0-6C6E7A354DE1}.Release|x64.ActiveCfg = Release|Any CPU
		{73D3962E-D7EF-4779-B7F0-6C6E7A354DE1}.Release|x64.Build.0 = Release|Any CPU
		{73D3962E-D7EF-4779-B7F0-6C6E7A354DE1}.Release|x86.ActiveCfg = Release|Any CPU
		{73D3962E-D7EF-4779-B7F0-6C6E7A354DE1}.Release|x86.Build.0 = Release|Any CPU
		{C0F16110-536F-40ED-B7CF-C661A4567E3C}.Debug|Any CPU.ActiveCfg = Debug|Any CPU
		{C0F16110-536F-40ED-B7CF-C661A4567E3C}.Debug|Any CPU.Build.0 = Debug|Any CPU
		{C0F16110-536F-40ED-B7CF-C661A4567E3C}.Debug|x64.ActiveCfg = Debug|Any CPU
		{C0F16110-536F-40ED-B7CF-C661A4567E3C}.Debug|x64.Build.0 = Debug|Any CPU
		{C0F16110-536F-40ED-B7CF-C661A4567E3C}.Debug|x86.ActiveCfg = Debug|Any CPU
		{C0F16110-536F-40ED-B7CF-C661A4567E3C}.Debug|x86.Build.0 = Debug|Any CPU
		{C0F16110-536F-40ED-B7CF-C661A4567E3C}.Release|Any CPU.ActiveCfg = Release|Any CPU
		{C0F16110-536F-40ED-B7CF-C661A4567E3C}.Release|Any CPU.Build.0 = Release|Any CPU
		{C0F16110-536F-40ED-B7CF-C661A4567E3C}.Release|x64.ActiveCfg = Release|Any CPU
		{C0F16110-536F-40ED-B7CF-C661A4567E3C}.Release|x64.Build.0 = Release|Any CPU
		{C0F16110-536F-40ED-B7CF-C661A4567E3C}.Release|x86.ActiveCfg = Release|Any CPU
		{C0F16110-536F-40ED-B7CF-C661A4567E3C}.Release|x86.Build.0 = Release|Any CPU
	EndGlobalSection
	GlobalSection(SolutionProperties) = preSolution
		HideSolutionNode = FALSE
	EndGlobalSection
	GlobalSection(ExtensibilityGlobals) = postSolution
		SolutionGuid = {16A33EFF-DE34-4EDC-90E9-B78EC8EBD791}
	EndGlobalSection
EndGlobal
